
Microsoft Visual Studio Solution File, Format Version 12.00
# Visual Studio Version 17
VisualStudioVersion = 17.4.33110.190
MinimumVisualStudioVersion = 10.0.40219.1
Project("{FAE04EC0-301F-11D3-BF4B-00C04F79EFBC}") = "pervoe", "pervoe\pervoe.csproj", "{9CD1C464-A72A-4115-8B23-7B4C752E48A1}"
EndProject
Global
	GlobalSection(SolutionConfigurationPlatforms) = preSolution
		Debug|Any CPU = Debug|Any CPU
		Release|Any CPU = Release|Any CPU
	EndGlobalSection
	GlobalSection(ProjectConfigurationPlatforms) = postSolution
		{9CD1C464-A72A-4115-8B23-7B4C752E48A1}.Debug|Any CPU.ActiveCfg = Debug|Any CPU
		{9CD1C464-A72A-4115-8B23-7B4C752E48A1}.Debug|Any CPU.Build.0 = Debug|Any CPU
		{9CD1C464-A72A-4115-8B23-7B4C752E48A1}.Release|Any CPU.ActiveCfg = Release|Any CPU
		{9CD1C464-A72A-4115-8B23-7B4C752E48A1}.Release|Any CPU.Build.0 = Release|Any CPU
	EndGlobalSection
	GlobalSection(SolutionProperties) = preSolution
		HideSolutionNode = FALSE
	EndGlobalSection
	GlobalSection(ExtensibilityGlobals) = postSolution
		SolutionGuid = {431FB000-196F-4958-B1A6-D9E60803A585}
	EndGlobalSection
EndGlobal
